
Microsoft Visual Studio Solution File, Format Version 11.00
# Visual Studio 2010
Project("{FAE04EC0-301F-11D3-BF4B-00C04F79EFBC}") = "Assembly-CSharp", "Assembly-CSharp.csproj", "{2a9bd168-4f81-e0b4-f291-9ab4048eb104}"
EndProject
Project("{FAE04EC0-301F-11D3-BF4B-00C04F79EFBC}") = "Unity.RenderStreaming.Editor", "Unity.RenderStreaming.Editor.csproj", "{821a2d23-a656-0d9b-ba70-abce8bec4e60}"
EndProject
Project("{FAE04EC0-301F-11D3-BF4B-00C04F79EFBC}") = "Unity.RenderStreaming", "Unity.RenderStreaming.csproj", "{4c487296-4d97-b80d-5212-dfc00acce503}"
EndProject
Project("{FAE04EC0-301F-11D3-BF4B-00C04F79EFBC}") = "Unity.RenderStreaming.RuntimeTests", "Unity.RenderStreaming.RuntimeTests.csproj", "{cca27704-2d75-48b0-e4f5-2ad548754fab}"
EndProject
Project("{FAE04EC0-301F-11D3-BF4B-00C04F79EFBC}") = "Unity.RenderStreaming.EditorTests", "Unity.RenderStreaming.EditorTests.csproj", "{efeb2e3f-46ad-4395-b846-a69f9a344c8c}"
EndProject
Global
	GlobalSection(SolutionConfigurationPlatforms) = preSolution
		Debug|Any CPU = Debug|Any CPU
	EndGlobalSection
	GlobalSection(ProjectConfigurationPlatforms) = postSolution
		{2a9bd168-4f81-e0b4-f291-9ab4048eb104}.Debug|Any CPU.ActiveCfg = Debug|Any CPU
		{2a9bd168-4f81-e0b4-f291-9ab4048eb104}.Debug|Any CPU.Build.0 = Debug|Any CPU
		{821a2d23-a656-0d9b-ba70-abce8bec4e60}.Debug|Any CPU.ActiveCfg = Debug|Any CPU
		{821a2d23-a656-0d9b-ba70-abce8bec4e60}.Debug|Any CPU.Build.0 = Debug|Any CPU
		{4c487296-4d97-b80d-5212-dfc00acce503}.Debug|Any CPU.ActiveCfg = Debug|Any CPU
		{4c487296-4d97-b80d-5212-dfc00acce503}.Debug|Any CPU.Build.0 = Debug|Any CPU
		{cca27704-2d75-48b0-e4f5-2ad548754fab}.Debug|Any CPU.ActiveCfg = Debug|Any CPU
		{cca27704-2d75-48b0-e4f5-2ad548754fab}.Debug|Any CPU.Build.0 = Debug|Any CPU
		{efeb2e3f-46ad-4395-b846-a69f9a344c8c}.Debug|Any CPU.ActiveCfg = Debug|Any CPU
		{efeb2e3f-46ad-4395-b846-a69f9a344c8c}.Debug|Any CPU.Build.0 = Debug|Any CPU
	EndGlobalSection
	GlobalSection(SolutionProperties) = preSolution
		HideSolutionNode = FALSE
	EndGlobalSection
EndGlobal
